github.com/bobg/errors v1.1.0 h1:gsVanPzJMpZQpwY+27/GQYElZez5CuMYwiIpk2A3RGw=
github.com/bobg/errors v1.1.0/go.mod h1:Q4775qBZpnte7EGFJqmvnlB1U4pkI1XmU3qxqdp7Zcc=
github.com/bobg/go-generics/v3 v3.7.0 h1:4SJHDWqONTRcA8al6491VW/ys6061bPCcTcI7YnIHPc=
github.com/bobg/go-generics/v3 v3.7.0/go.mod h1:wGlMLQER92clsh3cJoQjbUtUEJ03FoxnGhZjaWhf4fM=
github.com/bobg/seqs v1.0.0 h1:BcBwTAMX9DKkKPx6Q7+uiZwuMw2/Pj3c2HZA9nJBPag=
github.com/bobg/seqs v1.0.0/go.mod h1:icgB+vXIoU6s675tLYVAgcUYry1PkYwgEKvzOuFemOk=
github.com/bobg/subcmd/v2 v2.3.0 h1:7Pq4GUN4jYwkOguz1a64r6gyVxQpNoqegAquG9CG8wQ=
github.com/bobg/subcmd/v2 v2.3.0/go.mod h1:fjEpI7mfn8eXEoQ7+lx+dA22sebrbrIa1VMzplZzjpE=
github.com/google/go-cmp v0.5.6/go.mod h1:v8dTdLbMG2kIc/vJvl+f65V22dbkXbowE6jgT/gNBxE=
github.com/google/go-cmp v0.6.0 h1:ofyhxvXcZhMsU5ulbFiLKl/XBFqE1GSq7atu8tAmTRI=
github.com/google/go-cmp v0.6.0/go.mod h1:17dUlkBOakJ0+DkrSSNjCkIjxS6bF9zb3elmeNGIjoY=
github.com/mattn/go-sqlite3 v1.14.22 h1:2gZY6PC6kBnID23Tichd1K+Z0oS6nE/XwU+Vz/5o4kU=
github.com/mattn/go-sqlite3 v1.14.22/go.mod h1:Uh1q+B4BYcTPb+yiD3kU8Ct7aC0hY9fxUwlHK0RXw+Y=
github.com/pkg/errors v0.9.1 h1:FEBLx1zS214owpjy7qsBeixbURkuhQAwrK5UwLGTwt4=
github.com/pkg/errors v0.9.1/go.mod h1:bwawxfHBFNV+L2hUp1rHADufV3IMtnDRdf1r5NINEl0=
golang.org/x/xerrors v0.0.0-20191204190536-9bdfabe68543/go.mod h1:I/5z698sn9Ka8TeJc9MKroUUfqBBauWjQqLJ2OPfmY0=
